{
  "lockfileVersion": 1,
  "configVersion": 1,
  "workspaces": {
    "": {
      "name": "email-templates",
      "dependencies": {
        "@clack/prompts": "latest",
        "@react-email/components": "latest",
        "@react-email/render": "latest",
        "colord": "latest",
        "commander": "latest",
        "picocolors": "latest",
        "react": "latest",
        "react-dom": "latest",
      },
      "devDependencies": {
        "@types/bun": "latest",
        "@types/node": "latest",
        "@types/react": "latest",
        "@types/react-dom": "latest",
        "prettier": "latest",
        "typescript": "latest",
      },
    },
  },
  "packages": {
    "@clack/core": ["@clack/core@1.4.3", "", { "dependencies": { "fast-wrap-ansi": "^0.2.0", "sisteransi": "^1.0.5" } }, "sha512-/kr3UWNtdJfxZtPgDqUOmG2pvwlmcLGheex5yiZKdwbzZJxhV+HMNR9QNmyY5cGwTNV6LrR7Jtp+KjhUAP1qBQ=="],

    "@clack/prompts": ["@clack/prompts@1.7.0", "", { "dependencies": { "@clack/core": "1.4.3", "fast-string-width": "^3.0.2", "fast-wrap-ansi": "^0.2.0", "sisteransi": "^1.0.5" } }, "sha512-y7/yvZ2TPAnR9+jnc00klvNNLkJiXFFrQA/hlLCcxA9a2A4zQIOimyFQ9XfwYKiGD1fb5GY8vbKIIgO8d5Tb2A=="],

    "@react-email/body": ["@react-email/body@0.3.0", "", { "peerDependencies": { "react": "^18.0 || ^19.0 || ^19.0.0-rc" } }, "sha512-uGo0BOOzjbMUo3lu+BIDWayvn5o6Xyfmnlla5VGf05n8gHMvO1ll7U4FtzWe3hxMLwt53pmc4iE0M+B5slG+Ug=="],

    "@react-email/button": ["@react-email/button@0.2.1", "", { "peerDependencies": { "react": "^18.0 || ^19.0 || ^19.0.0-rc" } }, "sha512-qXyj7RZLE7POy9BMKSoqQ00tOXThjOZSUnI2Yu9i29IHngPlmrNayIWBoVKtElES7OWwypUcpiajwi1mUWx6/A=="],

    "@react-email/code-block": ["@react-email/code-block@0.2.1", "", { "dependencies": { "prismjs": "^1.30.0" }, "peerDependencies": { "react": "^18.0 || ^19.0 || ^19.0.0-rc" } }, "sha512-M3B7JpVH4ytgn83/ujRR1k1DQHvTeABiDM61OvAbjLRPhC/5KLHU5KkzIbbuGIrjWwxAbL1kSQzU8MhLEtSxyw=="],

    "@react-email/code-inline": ["@react-email/code-inline@0.0.6", "", { "peerDependencies": { "react": "^18.0 || ^19.0 || ^19.0.0-rc" } }, "sha512-jfhebvv3dVsp3OdPgKXnk8+e2pBiDVZejDOBFzBa/IblrAJ9cQDkN6rBD5IyEg8hTOxwbw3iaI/yZFmDmIguIA=="],

    "@react-email/column": ["@react-email/column@0.0.14", "", { "peerDependencies": { "react": "^18.0 || ^19.0 || ^19.0.0-rc" } }, "sha512-f+W+Bk2AjNO77zynE33rHuQhyqVICx4RYtGX9NKsGUg0wWjdGP0qAuIkhx9Rnmk4/hFMo1fUrtYNqca9fwJdHg=="],

    "@react-email/components": ["@react-email/components@1.0.12", "", { "dependencies": { "@react-email/body": "0.3.0", "@react-email/button": "0.2.1", "@react-email/code-block": "0.2.1", "@react-email/code-inline": "0.0.6", "@react-email/column": "0.0.14", "@react-email/container": "0.0.16", "@react-email/font": "0.0.10", "@react-email/head": "0.0.13", "@react-email/heading": "0.0.16", "@react-email/hr": "0.0.12", "@react-email/html": "0.0.12", "@react-email/img": "0.0.12", "@react-email/link": "0.0.13", "@react-email/markdown": "0.0.18", "@react-email/preview": "0.0.14", "@react-email/render": "2.0.6", "@react-email/row": "0.0.13", "@react-email/section": "0.0.17", "@react-email/tailwind": "2.0.7", "@react-email/text": "0.1.6" }, "peerDependencies": { "react": "^18.0 || ^19.0 || ^19.0.0-rc" } }, "sha512-tH18JhPDWgE+3jnYkzyB6ZrZdfNnEsFe4PwmuXmlOw4NGIysP8wPY5aXZg++pTG9qUabXg1nzX/FGHGkObH8xQ=="],

    "@react-email/container": ["@react-email/container@0.0.16", "", { "peerDependencies": { "react": "^18.0 || ^19.0 || ^19.0.0-rc" } }, "sha512-QWBB56RkkU0AJ9h+qy33gfT5iuZknPC7Un/IjZv9B0QmMIK+WWacc0cH6y2SV5Cv/b99hU94fjEMOOO4enpkbQ=="],

    "@react-email/font": ["@react-email/font@0.0.10", "", { "peerDependencies": { "react": "^18.0 || ^19.0 || ^19.0.0-rc" } }, "sha512-0urVSgCmQIfx5r7Xc586miBnQUVnGp3OTYUm8m5pwtQRdTRO5XrTtEfNJ3JhYhSOruV0nD8fd+dXtKXobum6tA=="],

    "@react-email/head": ["@react-email/head@0.0.13", "", { "peerDependencies": { "react": "^18.0 || ^19.0 || ^19.0.0-rc" } }, "sha512-AJg6le/08Gz4tm+6MtKXqtNNyKHzmooOCdmtqmWxD7FxoAdU1eVcizhtQ0gcnVaY6ethEyE/hnEzQxt1zu5Kog=="],

    "@react-email/heading": ["@react-email/heading@0.0.16", "", { "peerDependencies": { "react": "^18.0 || ^19.0 || ^19.0.0-rc" } }, "sha512-jmsKnQm1ykpBzw4hCYHwBkt5pW2jScXffPeEH5ZRF5tZeF5b1pvlFTO9han7C0pCkZYo1kEvWiRtx69yfCIwuw=="],

    "@react-email/hr": ["@react-email/hr@0.0.12", "", { "peerDependencies": { "react": "^18.0 || ^19.0 || ^19.0.0-rc" } }, "sha512-TwmOmBDibavUQpXBxpmZYi2Iks/yeZOzFYh+di9EltMSnEabH8dMZXrl+pxNXzCgZ2XE8HY7VmUL65Lenfu5PA=="],

    "@react-email/html": ["@react-email/html@0.0.12", "", { "peerDependencies": { "react": "^18.0 || ^19.0 || ^19.0.0-rc" } }, "sha512-KTShZesan+UsreU7PDUV90afrZwU5TLwYlALuCSU0OT+/U8lULNNbAUekg+tGwCnOfIKYtpDPKkAMRdYlqUznw=="],

    "@react-email/img": ["@react-email/img@0.0.12", "", { "peerDependencies": { "react": "^18.0 || ^19.0 || ^19.0.0-rc" } }, "sha512-sRCpEARNVTf3FQhZOC+JTvu5r6ubiYWkT0ucYXg8ctkyi4G8QG+jgYPiNUqVeTLA2STOfmPM/nrk1nb84y6CPQ=="],

    "@react-email/link": ["@react-email/link@0.0.13", "", { "peerDependencies": { "react": "^18.0 || ^19.0 || ^19.0.0-rc" } }, "sha512-lkWc/NjOcefRZMkQoSDDbuKBEBDES9aXnFEOuPH845wD3TxPwh+QTf0fStuzjoRLUZWpHnio4z7qGGRYusn/sw=="],

    "@react-email/markdown": ["@react-email/markdown@0.0.18", "", { "dependencies": { "marked": "^15.0.12" }, "peerDependencies": { "react": "^18.0 || ^19.0 || ^19.0.0-rc" } }, "sha512-gSuYK5fsMbGk87jDebqQ6fa2fKcWlkf2Dkva8kMONqLgGCq8/0d+ZQYMEJsdidIeBo3kmsnHZPrwdFB4HgjUXg=="],

    "@react-email/preview": ["@react-email/preview@0.0.14", "", { "peerDependencies": { "react": "^18.0 || ^19.0 || ^19.0.0-rc" } }, "sha512-aYK8q0IPkBXyMsbpMXgxazwHxYJxTrXrV95GFuu2HbEiIToMwSyUgb8HDFYwPqqfV03/jbwqlsXmFxsOd+VNaw=="],

    "@react-email/render": ["@react-email/render@2.1.0", "", { "dependencies": { "entities": "^4.5.0", "html-to-text": "^9.0.5", "html5parser": "^3.0.0", "prettier": "^3.5.3" }, "peerDependencies": { "react": "^18.0 || ^19.0 || ^19.0.0-rc", "react-dom": "^18.0 || ^19.0 || ^19.0.0-rc" } }, "sha512-F+zE3O6d6sW6Aj2UjvZAA17R7tJKM7kcq2mgV6k4HCT8jeLLFaVP2txMtH1lgqYFRMZ0Gxsd37q2PRyiXLXXxA=="],

    "@react-email/row": ["@react-email/row@0.0.13", "", { "peerDependencies": { "react": "^18.0 || ^19.0 || ^19.0.0-rc" } }, "sha512-bYnOac40vIKCId7IkwuLAAsa3fKfSfqCvv6epJKmPE0JBuu5qI4FHFCl9o9dVpIIS08s/ub+Y/txoMt0dYziGw=="],

    "@react-email/section": ["@react-email/section@0.0.17", "", { "peerDependencies": { "react": "^18.0 || ^19.0 || ^19.0.0-rc" } }, "sha512-qNl65ye3W0Rd5udhdORzTV9ezjb+GFqQQSae03NDzXtmJq6sqVXNWNiVolAjvJNypim+zGXmv6J9TcV5aNtE/w=="],

    "@react-email/tailwind": ["@react-email/tailwind@2.0.7", "", { "dependencies": { "tailwindcss": "^4.1.18" }, "peerDependencies": { "@react-email/body": ">=0", "@react-email/button": ">=0", "@react-email/code-block": ">=0", "@react-email/code-inline": ">=0", "@react-email/container": ">=0", "@react-email/heading": ">=0", "@react-email/hr": ">=0", "@react-email/img": ">=0", "@react-email/link": ">=0", "@react-email/preview": ">=0", "@react-email/text": ">=0", "react": "^18.0 || ^19.0 || ^19.0.0-rc" }, "optionalPeers": ["@react-email/body", "@react-email/button", "@react-email/code-block", "@react-email/code-inline", "@react-email/container", "@react-email/heading", "@react-email/hr", "@react-email/img", "@react-email/link", "@react-email/preview"] }, "sha512-kGw80weVFXikcnCXbigTGXGWQ0MRCSYNCudcdkWxebkWYd0FG6/NPoN3V1p/u68/4+NxZwYPVi2fhnp0x23HdA=="],

    "@react-email/text": ["@react-email/text@0.1.6", "", { "peerDependencies": { "react": "^18.0 || ^19.0 || ^19.0.0-rc" } }, "sha512-TYqkioRS45wTR5il3dYk/SbUjjEdhSwh9BtRNB99qNH1pXAwA45H7rAuxehiu8iJQJH0IyIr+6n62gBz9ezmsw=="],

    "@selderee/plugin-htmlparser2": ["@selderee/plugin-htmlparser2@0.11.0", "", { "dependencies": { "domhandler": "^5.0.3", "selderee": "^0.11.0" } }, "sha512-P33hHGdldxGabLFjPPpaTxVolMrzrcegejx+0GxjrIb9Zv48D8yAIA/QTDR2dFl7Uz7urX8aX6+5bCZslr+gWQ=="],

    "@types/bun": ["@types/bun@1.4.0", "", { "dependencies": { "bun-types": "1.4.0" } }, "sha512-K+lZULY23vRgK/CfTjFIV+tyifaNdSMlPh9j+6mQ/cLfpOznLyAuzgV/JQysyECpkBQLVMSyvjlr2fBUSA9wFQ=="],

    "@types/node": ["@types/node@26.4.0", "", { "dependencies": { "undici-types": "~8.3.0" } }, "sha512-faiGnoIrLH/V8cibOMEAZ8pMw6oXqSukl29ra4mN8GdaB2ZewzeaLj+INpV5N+Z1eKWzY+IzaIZH2EIR6YZRNQ=="],

    "@types/react": ["@types/react@19.2.18", "", { "dependencies": { "csstype": "^3.2.2" } }, "sha512-AnzbBERsrLKtk2XSfTbYRLjQPdy116Sty4q+T+Bp3IC4l6jNBvreVPAHmpq9qhXQM7CXZPjLVmGMw9sy+hxQ3w=="],

    "@types/react-dom": ["@types/react-dom@19.2.5", "", { "peerDependencies": { "@types/react": "^19.2.0" } }, "sha512-fMPwH9v7r/pp43yUd2/Mbiex5KouJwwR3dzHkhLREUC6764VyDsqxhAxv6OFEYR1RhjOyD1naqba8ECDBe7ZQg=="],

    "@typescript/typescript-aix-ppc64": ["@typescript/typescript-aix-ppc64@7.0.2", "", { "os": "aix", "cpu": "ppc64" }, "sha512-MTKKkWB7p/0E9xi1d1tHtZ5PiLkGEMIq88pK2CubZjOsLtYTLqhgIgi6zepFa+9GHZ6h05NMCkQxGKiPXMxXtQ=="],

    "@typescript/typescript-darwin-arm64": ["@typescript/typescript-darwin-arm64@7.0.2", "", { "os": "darwin", "cpu": "arm64" }, "sha512-gowzar9MwS/aRWp6f3a4KUqzRjAZjOsmGNCM6LcTgXum+dBfgsBVMN+AgvOCCbguXyick6LJhpBszxMebJ8syA=="],

    "@typescript/typescript-darwin-x64": ["@typescript/typescript-darwin-x64@7.0.2", "", { "os": "darwin", "cpu": "x64" }, "sha512-SZ9xZInqApNlNGc9s0W1VSsktYSOe9cFqNOIqmN1Gs8SmkjKZYFt017G4VwPxASInODuAdbTW7sXiFUf893RgA=="],

    "@typescript/typescript-freebsd-arm64": ["@typescript/typescript-freebsd-arm64@7.0.2", "", { "os": "freebsd", "cpu": "arm64" }, "sha512-W5NH4y/J0plIIS5b2xvTEkU7JFxyqdMAOgf+Ilhl0vHQXKO5dZoxd+C/jEtq56c4F3wk71RB4BMRQ2XdI+bwYQ=="],

    "@typescript/typescript-freebsd-x64": ["@typescript/typescript-freebsd-x64@7.0.2", "", { "os": "freebsd", "cpu": "x64" }, "sha512-UMGDx5sTpzNw3WiPebH7l90IWfJggEd+egHt/q6p7/Cm3zqoV7VxkGXt+3DxPIw8CcmvAB0j3sVVfbhX+M4Tpw=="],

    "@typescript/typescript-linux-arm": ["@typescript/typescript-linux-arm@7.0.2", "", { "os": "linux", "cpu": "arm" }, "sha512-gffT3xPz9sR7j/YJExkyPntrI0P2EP9XbOyWzth2/Gs0RstK+90RBcO0ncXoXy/beYll1SXw846Nf2zdnEz0QQ=="],

    "@typescript/typescript-linux-arm64": ["@typescript/typescript-linux-arm64@7.0.2", "", { "os": "linux", "cpu": "arm64" }, "sha512-Qh4eU4/y3yDjnfjjyPYihMj5/ODIlmt+Bzu17OI+fiSRDW57QmU5SiN63exPRNJPKUzcc1INa1NXdrJ+MqHjUQ=="],

    "@typescript/typescript-linux-loong64": ["@typescript/typescript-linux-loong64@7.0.2", "", { "os": "linux", "cpu": "none" }, "sha512-uEHck9i8hoAzXPiYRib1O7miOnz23SxIeVl6F4LXox+qov1K35jHcEW6VHKvZI+pyvl7fZEP4MCU5LYvIq1GuQ=="],

    "@typescript/typescript-linux-mips64el": ["@typescript/typescript-linux-mips64el@7.0.2", "", { "os": "linux", "cpu": "none" }, "sha512-R4KvAMnE43W5Qeqb0Ly56O3mWMWIAgsMyz36DCaycd5nbg/9kzm0liw3JocfRqyJY0KPmzFjbswozXyW0DnIYA=="],

    "@typescript/typescript-linux-ppc64": ["@typescript/typescript-linux-ppc64@7.0.2", "", { "os": "linux", "cpu": "ppc64" }, "sha512-DORx5b3sd/4S7eayxm4FQv+A7CrkUIGRaHiwI8oiHTAI1fAPWhF4J0vAlkC8biAlHSVVwxMQ3tjZ2/DVbnQiiA=="],

    "@typescript/typescript-linux-riscv64": ["@typescript/typescript-linux-riscv64@7.0.2", "", { "os": "linux", "cpu": "none" }, "sha512-wf0jqEDOjrPRnKwYRyyJDRo11KMbvMFrU+q4zqKyChODBzvlkbhNQfKvLxQCcwTpdDaXSHZTVuh0JoCrKCUMHQ=="],

    "@typescript/typescript-linux-s390x": ["@typescript/typescript-linux-s390x@7.0.2", "", { "os": "linux", "cpu": "s390x" }, "sha512-IkwJc3L7yhytWd/ewjyxNDfOmswCm9GWMJT/ue/dU4aZNbwZeYAetq42VyLmsmSjvoX7z74X6ZaYCtzAr0EuGw=="],

    "@typescript/typescript-linux-x64": ["@typescript/typescript-linux-x64@7.0.2", "", { "os": "linux", "cpu": "x64" }, "sha512-EYdf2cNg7rgCWJnxCdJ+F3V39O8ihb37eHAu1LK8oAFizgTQbPOK7zHHXbPt8rX24COqODXeI3sIf0fCXG7H/A=="],

    "@typescript/typescript-netbsd-arm64": ["@typescript/typescript-netbsd-arm64@7.0.2", "", { "os": "none", "cpu": "arm64" }, "sha512-+polYF4MF04aPpO5FTkHran9yUQDSXqy5GiSDKpsll5jy3l3+g9QLhpf39T+ePtefhXLOGrLl0QIjkQP6VnelA=="],

    "@typescript/typescript-netbsd-x64": ["@typescript/typescript-netbsd-x64@7.0.2", "", { "os": "none", "cpu": "x64" }, "sha512-8YIT0EHM/3dq10ZOVF/A7pc/YSMtbcecct4rWtexrnSCHOPcpC2KTLXfTCR6vDpnSiY12heNb1GiN/wu+T/FyA=="],

    "@typescript/typescript-openbsd-arm64": ["@typescript/typescript-openbsd-arm64@7.0.2", "", { "os": "openbsd", "cpu": "arm64" }, "sha512-APT8+ClYnuYm1u9+kgGXoMj2VzWzcymwh2gNSQVySHfkRDGOTVkoWLjCmOQSaO+PoqQ57B0flRp9SA+7GnnkzQ=="],

    "@typescript/typescript-openbsd-x64": ["@typescript/typescript-openbsd-x64@7.0.2", "", { "os": "openbsd", "cpu": "x64" }, "sha512-yX7s+Q0Dln0Dt9tEzZsAjXXR/+ytBM7AlglaqyeMPxQszJ1JhlJdZ6jLA+IzldHtflX81em7lDao1xXu+aRRkg=="],

    "@typescript/typescript-sunos-x64": ["@typescript/typescript-sunos-x64@7.0.2", "", { "os": "sunos", "cpu": "x64" }, "sha512-dLJDGaLZ1D4HPQn62u1n8mBDkJREwMsAkCdkwd4Ieqw+x3TUyTsqY0YiBCtE6H6OzzgGk3iuZ3vFWRS+E8/d1g=="],

    "@typescript/typescript-win32-arm64": ["@typescript/typescript-win32-arm64@7.0.2", "", { "os": "win32", "cpu": "arm64" }, "sha512-Gyl1Vy6OsWesLzmq+EP0Fb7b4Nid5232AvcA2SFcdYreldpNtYFFofPjnt62y9hQy7VTaZp65ICJjuAQRaVcIQ=="],

    "@typescript/typescript-win32-x64": ["@typescript/typescript-win32-x64@7.0.2", "", { "os": "win32", "cpu": "x64" }, "sha512-0BQ3HkAHHlKLSp1qRvf3SUhGpGsDuhB/jgFw75guyqbxJqEaS0Cw/VFO8i2nHglJUzQCRtMMR/IBAKE3ETMC4g=="],

    "bun-types": ["bun-types@1.4.0", "", { "dependencies": { "@types/node": "*" } }, "sha512-iIKw23BspnQQYd3prITOBxeUsxBHnwzX6YJfGMuNOZzeNcMmVqzIIVGRm1l69ogaPQmb4wB6BN8mA5bE9YuC5Q=="],

    "colord": ["colord@2.10.0", "", {}, "sha512-AidJptpBJmjTclAp9BkLwJi0T93fo5epJnbaZslpg6QVzpHjAiveF55mE9AcUJiGMqRHgMDY8soMsQtuNYMHfw=="],

    "commander": ["commander@15.0.0", "", {}, "sha512-z67u4ZhzCL/Tydu1lJARtEZYWbWaN7oYLHbsuzocr6y4N6WZAagG3RQ4FW61V1/0+jImpj293XfrcYnd1qxtPg=="],

    "csstype": ["csstype@3.2.3", "", {}, "sha512-z1HGKcYy2xA8AGQfwrn0PAy+PB7X/GSj3UVJW9qKyn43xWa+gl5nXmU4qqLMRzWVLFC8KusUX8T/0kCiOYpAIQ=="],

    "deepmerge": ["deepmerge@4.3.1", "", {}, "sha512-3sUqbMEc77XqpdNO7FRyRog+eW3ph+GYCbj+rK+uYyRMuwsVy0rMiVtPn+QJlKFvWP/1PYpapqYn0Me2knFn+A=="],

    "dom-serializer": ["dom-serializer@2.0.0", "", { "dependencies": { "domelementtype": "^2.3.0", "domhandler": "^5.0.2", "entities": "^4.2.0" } }, "sha512-wIkAryiqt/nV5EQKqQpo3SToSOV9J0DnbJqwK7Wv/Trc92zIAYZ4FlMu+JPFW1DfGFt81ZTCGgDEabffXeLyJg=="],

    "domelementtype": ["domelementtype@2.3.0", "", {}, "sha512-OLETBj6w0OsagBwdXnPdN0cnMfF9opN69co+7ZrbfPGrdpPVNBUj02spi6B1N7wChLQiPn4CSH/zJvXw56gmHw=="],

    "domhandler": ["domhandler@5.0.3", "", { "dependencies": { "domelementtype": "^2.3.0" } }, "sha512-cgwlv/1iFQiFnU96XXgROh8xTeetsnJiDsTc7TYCLFd9+/WNkIqPTxiM/8pSd8VIrhXGTf1Ny1q1hquVqDJB5w=="],

    "domutils": ["domutils@3.2.2", "", { "dependencies": { "dom-serializer": "^2.0.0", "domelementtype": "^2.3.0", "domhandler": "^5.0.3" } }, "sha512-6kZKyUajlDuqlHKVX1w7gyslj9MPIXzIFiz/rGu35uC1wMi+kMhQwGhl4lt9unC9Vb9INnY9Z3/ZA3+FhASLaw=="],

    "entities": ["entities@4.5.0", "", {}, "sha512-V0hjH4dGPh9Ao5p0MoRY6BVqtwCjhz6vI5LT8AJ55H+4g9/4vbHx1I54fS0XuclLhDHArPQCiMjDxjaL8fPxhw=="],

    "fast-string-truncated-width": ["fast-string-truncated-width@3.0.3", "", {}, "sha512-0jjjIEL6+0jag3l2XWWizO64/aZVtpiGE3t0Zgqxv0DPuxiMjvB3M24fCyhZUO4KomJQPj3LTSUnDP3GpdwC0g=="],

    "fast-string-width": ["fast-string-width@3.0.2", "", { "dependencies": { "fast-string-truncated-width": "^3.0.2" } }, "sha512-gX8LrtNEI5hq8DVUfRQMbr5lpaS4nMIWV+7XEbXk2b8kiQIizgnlr12B4dA3ZEx3308ze0O4Q1R+cHts8kyUJg=="],

    "fast-wrap-ansi": ["fast-wrap-ansi@0.2.2", "", { "dependencies": { "fast-string-width": "^3.0.2" } }, "sha512-7F2Fl+TjRSenLqlU3UjSH0iyqopqoZIu7eZVpEirP2g1GtWa2G/ecEmBdgz31+Mxr+ELclgg6sokpSFIQiZ02Q=="],

    "html-to-text": ["html-to-text@9.0.5", "", { "dependencies": { "@selderee/plugin-htmlparser2": "^0.11.0", "deepmerge": "^4.3.1", "dom-serializer": "^2.0.0", "htmlparser2": "^8.0.2", "selderee": "^0.11.0" } }, "sha512-qY60FjREgVZL03vJU6IfMV4GDjGBIoOyvuFdpBDIX9yTlDw0TjxVBQp+P8NvpdIXNJvfWBTNul7fsAQJq2FNpg=="],

    "html5parser": ["html5parser@3.0.0", "", {}, "sha512-iNpSopa+4YHX50UOk825tBy7MghmXHo/ZpLskBYN0kAr1xhH8GlIMk5bLRXcZlfP3AnLUcSuFMu8C4MdOUxA8A=="],

    "htmlparser2": ["htmlparser2@8.0.2", "", { "dependencies": { "domelementtype": "^2.3.0", "domhandler": "^5.0.3", "domutils": "^3.0.1", "entities": "^4.4.0" } }, "sha512-GYdjWKDkbRLkZ5geuHs5NY1puJ+PXwP7+fHPRz06Eirsb9ugf6d8kkXav6ADhcODhFFPMIXyxkxSuMf3D6NCFA=="],

    "leac": ["leac@0.6.0", "", {}, "sha512-y+SqErxb8h7nE/fiEX07jsbuhrpO9lL8eca7/Y1nuWV2moNlXhyd59iDGcRf6moVyDMbmTNzL40SUyrFU/yDpg=="],

    "marked": ["marked@15.0.12", "", { "bin": { "marked": "bin/marked.js" } }, "sha512-8dD6FusOQSrpv9Z1rdNMdlSgQOIP880DHqnohobOmYLElGEqAL/JvxvuxZO16r4HtjTlfPRDC1hbvxC9dPN2nA=="],

    "parseley": ["parseley@0.12.1", "", { "dependencies": { "leac": "^0.6.0", "peberminta": "^0.9.0" } }, "sha512-e6qHKe3a9HWr0oMRVDTRhKce+bRO8VGQR3NyVwcjwrbhMmFCX9KszEV35+rn4AdilFAq9VPxP/Fe1wC9Qjd2lw=="],

    "peberminta": ["peberminta@0.9.0", "", {}, "sha512-XIxfHpEuSJbITd1H3EeQwpcZbTLHc+VVr8ANI9t5sit565tsI4/xK3KWTUFE2e6QiangUkh3B0jihzmGnNrRsQ=="],

    "picocolors": ["picocolors@1.1.1", "", {}, "sha512-xceH2snhtb5M9liqDsmEw56le376mTZkEX/jEb/RxNFyegNul7eNslCXP9FDj/Lcu0X8KEyMceP2ntpaHrDEVA=="],

    "prettier": ["prettier@3.9.6", "", { "bin": { "prettier": "bin/prettier.cjs" } }, "sha512-OpN0zzVdiaiAhxpuuj5efpIS4sY9j7bY6uR5mnj5yPzGkdkjNKSJeUThPb60Jw29QuAZgA4o+/iB49kFiaBX6g=="],

    "prismjs": ["prismjs@1.30.0", "", {}, "sha512-DEvV2ZF2r2/63V+tK8hQvrR2ZGn10srHbXviTlcv7Kpzw8jWiNTqbVgjO3IY8RxrrOUF8VPMQQFysYYYv0YZxw=="],

    "react": ["react@19.2.8", "", {}, "sha512-PWaYA1L/q9u2u7xYQi+Y3L3Yfnie7XyLeaJICV1MGD6LprsBxcAqGjYyr0eY3p+QdsA+x/Irkt4Qif8D63+Sbw=="],

    "react-dom": ["react-dom@19.2.8", "", { "dependencies": { "scheduler": "^0.27.0" }, "peerDependencies": { "react": "^19.2.8" } }, "sha512-rVprimfGBG3DR+Tq0IQG2DT5PxKth1WIGDmj5yPmlzr4YBe7uyE+Du4oVqTDXZSHGGGXRtTJEGSSePyQCMBglQ=="],

    "scheduler": ["scheduler@0.27.0", "", {}, "sha512-eNv+WrVbKu1f3vbYJT/xtiF5syA5HPIMtf9IgY/nKg0sWqzAUEvqY/xm7OcZc/qafLx/iO9FgOmeSAp4v5ti/Q=="],

    "selderee": ["selderee@0.11.0", "", { "dependencies": { "parseley": "^0.12.0" } }, "sha512-5TF+l7p4+OsnP8BCCvSyZiSPc4x4//p5uPwK8TCnVPJYRmU2aYKMpOXvw8zM5a5JvuuCGN1jmsMwuU2W02ukfA=="],

    "sisteransi": ["sisteransi@1.0.5", "", {}, "sha512-bLGGlR1QxBcynn2d5YmDX4MGjlZvy2MRBDRNHLJ8VI6l6+9FUiyTFNJ0IveOSP0bcXgVDPRcfGqA0pjaqUpfVg=="],

    "tailwindcss": ["tailwindcss@4.3.3", "", {}, "sha512-gOhV3P7ufE62QDGg1zVaTgCR+EtPv92k2nIhVcVKcLmxT1sUBsQGhnZj175j+MqRt4zLF7ic+sCYjfhxMxj7YQ=="],

    "typescript": ["typescript@7.0.2", "", { "optionalDependencies": { "@typescript/typescript-aix-ppc64": "7.0.2", "@typescript/typescript-darwin-arm64": "7.0.2", "@typescript/typescript-darwin-x64": "7.0.2", "@typescript/typescript-freebsd-arm64": "7.0.2", "@typescript/typescript-freebsd-x64": "7.0.2", "@typescript/typescript-linux-arm": "7.0.2", "@typescript/typescript-linux-arm64": "7.0.2", "@typescript/typescript-linux-loong64": "7.0.2", "@typescript/typescript-linux-mips64el": "7.0.2", "@typescript/typescript-linux-ppc64": "7.0.2", "@typescript/typescript-linux-riscv64": "7.0.2", "@typescript/typescript-linux-s390x": "7.0.2", "@typescript/typescript-linux-x64": "7.0.2", "@typescript/typescript-netbsd-arm64": "7.0.2", "@typescript/typescript-netbsd-x64": "7.0.2", "@typescript/typescript-openbsd-arm64": "7.0.2", "@typescript/typescript-openbsd-x64": "7.0.2", "@typescript/typescript-sunos-x64": "7.0.2", "@typescript/typescript-win32-arm64": "7.0.2", "@typescript/typescript-win32-x64": "7.0.2" }, "bin": { "tsc": "bin/tsc" } }, "sha512-8FYau96o3NKOhbjKi/qNvG/W5jhzxkbdm5sj9AbZ/5T5sWqn3hJgLfGx27sRKZWTvyzCP8dLRBTf5tBTSRVUNA=="],

    "undici-types": ["undici-types@8.3.0", "", {}, "sha512-j375ScV60dom+YkPFIfTLcOiPxkN/buHz5GobjLhixFuANaNs3C9l4GmrWqejgXWJ7BbJcFYpTEUkS1Ge8bpZQ=="],

    "@react-email/components/@react-email/render": ["@react-email/render@2.0.6", "", { "dependencies": { "html-to-text": "^9.0.5", "prettier": "^3.5.3" }, "peerDependencies": { "react": "^18.0 || ^19.0 || ^19.0.0-rc", "react-dom": "^18.0 || ^19.0 || ^19.0.0-rc" } }, "sha512-xOzaYkH3jLZKqN5MqrTXYnmqBYUnZSVbkxdb5PGGmDcK6sKDVMliaDiSwfXajRC9JtSHTcGc2tmGLHWuCgVpog=="],
  }
}
